
Microsoft Visual Studio Solution File, Format Version 12.00
# Visual Studio Version 17
VisualStudioVersion = 17.5.33516.290
MinimumVisualStudioVersion = 10.0.40219.1
Project("{FAE04EC0-301F-11D3-BF4B-00C04F79EFBC}") = "Application", "Application\Application.csproj", "{935A3B72-FF17-45B5-A9E1-2C549BBD8A41}"
EndProject
Project("{FAE04EC0-301F-11D3-BF4B-00C04F79EFBC}") = "Domain", "Domain\Domain.csproj", "{1401930C-DE2E-4EFC-BCCA-9C18B5410E90}"
EndProject
Project("{FAE04EC0-301F-11D3-BF4B-00C04F79EFBC}") = "Infrastructure", "Infrastructure\Infrastructure.csproj", "{796BD9BA-3D32-42A2-B1D6-A37EC67E3650}"
EndProject
Project("{FAE04EC0-301F-11D3-BF4B-00C04F79EFBC}") = "WebAPI", "WebAPI\WebAPI.csproj", "{5AD15828-DB8F-49EB-A7EA-7DD10D4458EF}"
EndProject
Global
	GlobalSection(SolutionConfigurationPlatforms) = preSolution
		Debug|Any CPU = Debug|Any CPU
		Release|Any CPU = Release|Any CPU
	EndGlobalSection
	GlobalSection(ProjectConfigurationPlatforms) = postSolution
		{935A3B72-FF17-45B5-A9E1-2C549BBD8A41}.Debug|Any CPU.ActiveCfg = Debug|Any CPU
		{935A3B72-FF17-45B5-A9E1-2C549BBD8A41}.Debug|Any CPU.Build.0 = Debug|Any CPU
		{935A3B72-FF17-45B5-A9E1-2C549BBD8A41}.Release|Any CPU.ActiveCfg = Release|Any CPU
		{935A3B72-FF17-45B5-A9E1-2C549BBD8A41}.Release|Any CPU.Build.0 = Release|Any CPU
		{1401930C-DE2E-4EFC-BCCA-9C18B5410E90}.Debug|Any CPU.ActiveCfg = Debug|Any CPU
		{1401930C-DE2E-4EFC-BCCA-9C18B5410E90}.Debug|Any CPU.Build.0 = Debug|Any CPU
		{1401930C-DE2E-4EFC-BCCA-9C18B5410E90}.Release|Any CPU.ActiveCfg = Release|Any CPU
		{1401930C-DE2E-4EFC-BCCA-9C18B5410E90}.Release|Any CPU.Build.0 = Release|Any CPU
		{796BD9BA-3D32-42A2-B1D6-A37EC67E3650}.Debug|Any CPU.ActiveCfg = Debug|Any CPU
		{796BD9BA-3D32-42A2-B1D6-A37EC67E3650}.Debug|Any CPU.Build.0 = Debug|Any CPU
		{796BD9BA-3D32-42A2-B1D6-A37EC67E3650}.Release|Any CPU.ActiveCfg = Release|Any CPU
		{796BD9BA-3D32-42A2-B1D6-A37EC67E3650}.Release|Any CPU.Build.0 = Release|Any CPU
		{5AD15828-DB8F-49EB-A7EA-7DD10D4458EF}.Debug|Any CPU.ActiveCfg = Debug|Any CPU
		{5AD15828-DB8F-49EB-A7EA-7DD10D4458EF}.Debug|Any CPU.Build.0 = Debug|Any CPU
		{5AD15828-DB8F-49EB-A7EA-7DD10D4458EF}.Release|Any CPU.ActiveCfg = Release|Any CPU
		{5AD15828-DB8F-49EB-A7EA-7DD10D4458EF}.Release|Any CPU.Build.0 = Release|Any CPU
	EndGlobalSection
	GlobalSection(SolutionProperties) = preSolution
		HideSolutionNode = FALSE
	EndGlobalSection
	GlobalSection(ExtensibilityGlobals) = postSolution
		SolutionGuid = {B3AA1773-912D-41B6-92BA-9B84A9EEBDE1}
	EndGlobalSection
EndGlobal
